
Microsoft Visual Studio Solution File, Format Version 11.00
# Visual Studio 2010
Project("{FAE04EC0-301F-11D3-BF4B-00C04F79EFBC}") = "高中職學校班級及學生概況", "高中職學校班級及學生概況\高中職學校班級及學生概況.csproj", "{943A5ECA-AB65-4B07-A184-2760DF9C397D}"
EndProject
Global
	GlobalSection(SolutionConfigurationPlatforms) = preSolution
		Debug|Any CPU = Debug|Any CPU
		Release|Any CPU = Release|Any CPU
	EndGlobalSection
	GlobalSection(ProjectConfigurationPlatforms) = postSolution
		{943A5ECA-AB65-4B07-A184-2760DF9C397D}.Debug|Any CPU.ActiveCfg = Debug|Any CPU
		{943A5ECA-AB65-4B07-A184-2760DF9C397D}.Debug|Any CPU.Build.0 = Debug|Any CPU
		{943A5ECA-AB65-4B07-A184-2760DF9C397D}.Release|Any CPU.ActiveCfg = Release|Any CPU
		{943A5ECA-AB65-4B07-A184-2760DF9C397D}.Release|Any CPU.Build.0 = Release|Any CPU
	EndGlobalSection
	GlobalSection(SolutionProperties) = preSolution
		HideSolutionNode = FALSE
	EndGlobalSection
EndGlobal
